
Microsoft Visual Studio Solution File, Format Version 12.00
# Visual Studio 14
VisualStudioVersion = 14.0.25420.1
MinimumVisualStudioVersion = 10.0.40219.1
Project("{FAE04EC0-301F-11D3-BF4B-00C04F79EFBC}") = "ElysianVintage", "ElysianVintage\ElysianVintage.csproj", "{6536A4A4-265B-4CAB-A9DE-F499679D17D4}"
EndProject
Project("{FAE04EC0-301F-11D3-BF4B-00C04F79EFBC}") = "ElysianVintage.Tests", "ElysianVintage.Tests\ElysianVintage.Tests.csproj", "{44263DB5-A0CA-463D-BCBD-E73085E0F966}"
EndProject
Global
	GlobalSection(SolutionConfigurationPlatforms) = preSolution
		Debug|Any CPU = Debug|Any CPU
		Release|Any CPU = Release|Any CPU
	EndGlobalSection
	GlobalSection(ProjectConfigurationPlatforms) = postSolution
		{6536A4A4-265B-4CAB-A9DE-F499679D17D4}.Debug|Any CPU.ActiveCfg = Debug|Any CPU
		{6536A4A4-265B-4CAB-A9DE-F499679D17D4}.Debug|Any CPU.Build.0 = Debug|Any CPU
		{6536A4A4-265B-4CAB-A9DE-F499679D17D4}.Release|Any CPU.ActiveCfg = Release|Any CPU
		{6536A4A4-265B-4CAB-A9DE-F499679D17D4}.Release|Any CPU.Build.0 = Release|Any CPU
		{44263DB5-A0CA-463D-BCBD-E73085E0F966}.Debug|Any CPU.ActiveCfg = Debug|Any CPU
		{44263DB5-A0CA-463D-BCBD-E73085E0F966}.Debug|Any CPU.Build.0 = Debug|Any CPU
		{44263DB5-A0CA-463D-BCBD-E73085E0F966}.Release|Any CPU.ActiveCfg = Release|Any CPU
		{44263DB5-A0CA-463D-BCBD-E73085E0F966}.Release|Any CPU.Build.0 = Release|Any CPU
	EndGlobalSection
	GlobalSection(SolutionProperties) = preSolution
		HideSolutionNode = FALSE
	EndGlobalSection
EndGlobal
